
Microsoft Visual Studio Solution File, Format Version 12.00
# Visual Studio Version 16
VisualStudioVersion = 16.0.29424.173
MinimumVisualStudioVersion = 10.0.40219.1
Project("{9A19103F-16F7-4668-BE54-9A1E7A4F7556}") = "NecCms", "NecCms\NecCms.csproj", "{AACAEC0B-9CBA-4DAB-943A-53AF2DB4A74D}"
EndProject
Project("{9A19103F-16F7-4668-BE54-9A1E7A4F7556}") = "NecCms.Admin", "NecCms.Admin\NecCms.Admin.csproj", "{9A085FBC-5716-41AF-8CE0-F1FD5FEF6E3A}"
EndProject
Project("{9A19103F-16F7-4668-BE54-9A1E7A4F7556}") = "NecCms.Database", "NecCms.Database\NecCms.Database.csproj", "{2E899FCB-BBEE-4040-89FB-09A8619A28EA}"
EndProject
Global
	GlobalSection(SolutionConfigurationPlatforms) = preSolution
		Debug|Any CPU = Debug|Any CPU
		Release|Any CPU = Release|Any CPU
	EndGlobalSection
	GlobalSection(ProjectConfigurationPlatforms) = postSolution
		{AACAEC0B-9CBA-4DAB-943A-53AF2DB4A74D}.Debug|Any CPU.ActiveCfg = Debug|Any CPU
		{AACAEC0B-9CBA-4DAB-943A-53AF2DB4A74D}.Debug|Any CPU.Build.0 = Debug|Any CPU
		{AACAEC0B-9CBA-4DAB-943A-53AF2DB4A74D}.Release|Any CPU.ActiveCfg = Release|Any CPU
		{AACAEC0B-9CBA-4DAB-943A-53AF2DB4A74D}.Release|Any CPU.Build.0 = Release|Any CPU
		{9A085FBC-5716-41AF-8CE0-F1FD5FEF6E3A}.Debug|Any CPU.ActiveCfg = Debug|Any CPU
		{9A085FBC-5716-41AF-8CE0-F1FD5FEF6E3A}.Debug|Any CPU.Build.0 = Debug|Any CPU
		{9A085FBC-5716-41AF-8CE0-F1FD5FEF6E3A}.Release|Any CPU.ActiveCfg = Release|Any CPU
		{9A085FBC-5716-41AF-8CE0-F1FD5FEF6E3A}.Release|Any CPU.Build.0 = Release|Any CPU
		{2E899FCB-BBEE-4040-89FB-09A8619A28EA}.Debug|Any CPU.ActiveCfg = Debug|Any CPU
		{2E899FCB-BBEE-4040-89FB-09A8619A28EA}.Debug|Any CPU.Build.0 = Debug|Any CPU
		{2E899FCB-BBEE-4040-89FB-09A8619A28EA}.Release|Any CPU.ActiveCfg = Release|Any CPU
		{2E899FCB-BBEE-4040-89FB-09A8619A28EA}.Release|Any CPU.Build.0 = Release|Any CPU
	EndGlobalSection
	GlobalSection(SolutionProperties) = preSolution
		HideSolutionNode = FALSE
	EndGlobalSection
	GlobalSection(ExtensibilityGlobals) = postSolution
		SolutionGuid = {3F67E61A-2019-4B41-9A00-3ED780C231F8}
	EndGlobalSection
EndGlobal
